
Microsoft Visual Studio Solution File, Format Version 12.00
# Visual Studio Version 17
VisualStudioVersion = 17.5.002.0
MinimumVisualStudioVersion = 10.0.40219.1
Project("{9A19103F-16F7-4668-BE54-9A1E7A4F7556}") = "PlatformService", "PlatformService\PlatformService.csproj", "{82AD259F-E797-4246-BBC2-524C1A5E5364}"
EndProject
Global
	GlobalSection(SolutionConfigurationPlatforms) = preSolution
		Debug|Any CPU = Debug|Any CPU
		Release|Any CPU = Release|Any CPU
	EndGlobalSection
	GlobalSection(ProjectConfigurationPlatforms) = postSolution
		{82AD259F-E797-4246-BBC2-524C1A5E5364}.Debug|Any CPU.ActiveCfg = Debug|Any CPU
		{82AD259F-E797-4246-BBC2-524C1A5E5364}.Debug|Any CPU.Build.0 = Debug|Any CPU
		{82AD259F-E797-4246-BBC2-524C1A5E5364}.Release|Any CPU.ActiveCfg = Release|Any CPU
		{82AD259F-E797-4246-BBC2-524C1A5E5364}.Release|Any CPU.Build.0 = Release|Any CPU
	EndGlobalSection
	GlobalSection(SolutionProperties) = preSolution
		HideSolutionNode = FALSE
	EndGlobalSection
	GlobalSection(ExtensibilityGlobals) = postSolution
		SolutionGuid = {09D1FC23-9F7E-4A20-8A77-BC476307F75B}
	EndGlobalSection
EndGlobal
